// !$*UTF8*$!
{
	archiveVersion = 1;
	classes = {
	};
	objectVersion = 46;
	objects = {

/* Begin PBXBuildFile section */
		EF081C8F193708CF00847E47 /* WorldStorage.m in Sources */ = {isa = PBXBuildFile; fileRef = EF081C8E193708CF00847E47 /* WorldStorage.m */; };
		EF081C971937252B00847E47 /* LevelStorage.m in Sources */ = {isa = PBXBuildFile; fileRef = EF081C961937252B00847E47 /* LevelStorage.m */; };
		EF73CCAA1932420300A171E5 /* GateStorage.m in Sources */ = {isa = PBXBuildFile; fileRef = EF73CCA91932420300A171E5 /* GateStorage.m */; };
		EF7BA12D1935C7E300FCF3C9 /* MissionStorage.m in Sources */ = {isa = PBXBuildFile; fileRef = EF7BA12C1935C7E300FCF3C9 /* MissionStorage.m */; };
		EFCDC729192E1EB5001D0824 /* Foundation.framework in Frameworks */ = {isa = PBXBuildFile; fileRef = EFCDC728192E1EB5001D0824 /* Foundation.framework */; };
		EFCDC760192E2248001D0824 /* LUJSONConsts.m in Sources */ = {isa = PBXBuildFile; fileRef = EFCDC75F192E2248001D0824 /* LUJSONConsts.m */; };
		EFE7A0F51963026C0054B3E9 /* LUJSONConsts.h in Headers */ = {isa = PBXBuildFile; fileRef = EFCDC75E192E2248001D0824 /* LUJSONConsts.h */; settings = {ATTRIBUTES = (Private, ); }; };
		EFE7A0F61963026C0054B3E9 /* ScoreStorage.h in Headers */ = {isa = PBXBuildFile; fileRef = EFFB7A3A192E3E8100BB8BB5 /* ScoreStorage.h */; settings = {ATTRIBUTES = (Public, ); }; };
		EFE7A0F71963026C0054B3E9 /* GateStorage.h in Headers */ = {isa = PBXBuildFile; fileRef = EF73CCA81932420300A171E5 /* GateStorage.h */; settings = {ATTRIBUTES = (Public, ); }; };
		EFE7A0F91963026C0054B3E9 /* MissionStorage.h in Headers */ = {isa = PBXBuildFile; fileRef = EF7BA12B1935C7E300FCF3C9 /* MissionStorage.h */; settings = {ATTRIBUTES = (Public, ); }; };
		EFE7A0FA1963026C0054B3E9 /* WorldStorage.h in Headers */ = {isa = PBXBuildFile; fileRef = EF081C8D193708CF00847E47 /* WorldStorage.h */; settings = {ATTRIBUTES = (Public, ); }; };
		EFE7A0FB1963026C0054B3E9 /* LevelStorage.h in Headers */ = {isa = PBXBuildFile; fileRef = EF081C951937252B00847E47 /* LevelStorage.h */; settings = {ATTRIBUTES = (Public, ); }; };
		EFE7A0FF1963026C0054B3E9 /* LevelUp.h in Headers */ = {isa = PBXBuildFile; fileRef = EFFB7A3E192E406900BB8BB5 /* LevelUp.h */; settings = {ATTRIBUTES = (Public, ); }; };
		EFE7A1001963026C0054B3E9 /* LevelUpEventHandling.h in Headers */ = {isa = PBXBuildFile; fileRef = EFFB7A491931EC5200BB8BB5 /* LevelUpEventHandling.h */; settings = {ATTRIBUTES = (Public, ); }; };
		EFFB7A3C192E3E8100BB8BB5 /* ScoreStorage.m in Sources */ = {isa = PBXBuildFile; fileRef = EFFB7A3B192E3E8100BB8BB5 /* ScoreStorage.m */; };
		EFFB7A4B1931EC5200BB8BB5 /* LevelUpEventHandling.m in Sources */ = {isa = PBXBuildFile; fileRef = EFFB7A4A1931EC5200BB8BB5 /* LevelUpEventHandling.m */; };
		F80CD13E1A4C5E9D0051587C /* LevelUp.m in Sources */ = {isa = PBXBuildFile; fileRef = F80CD13D1A4C5E9D0051587C /* LevelUp.m */; };
/* End PBXBuildFile section */

/* Begin PBXContainerItemProxy section */
		C068F6961A27AE430056B0B4 /* PBXContainerItemProxy */ = {
			isa = PBXContainerItemProxy;
			containerPortal = C068F6921A27AE430056B0B4 /* SoomlaiOSCore.xcodeproj */;
			proxyType = 2;
			remoteGlobalIDString = C0B3C5EF168C6D0C00161FAA;
			remoteInfo = SoomlaiOSCore;
		};
/* End PBXContainerItemProxy section */

/* Begin PBXFileReference section */
		C068F6921A27AE430056B0B4 /* SoomlaiOSCore.xcodeproj */ = {isa = PBXFileReference; lastKnownFileType = "wrapper.pb-project"; name = SoomlaiOSCore.xcodeproj; path = "submodules/soomla-ios-core/SoomlaiOSCore.xcodeproj"; sourceTree = "<group>"; };
		EF081C8D193708CF00847E47 /* WorldStorage.h */ = {isa = PBXFileReference; fileEncoding = 4; lastKnownFileType = sourcecode.c.h; name = WorldStorage.h; path = data/WorldStorage.h; sourceTree = "<group>"; };
		EF081C8E193708CF00847E47 /* WorldStorage.m */ = {isa = PBXFileReference; fileEncoding = 4; lastKnownFileType = sourcecode.c.objc; name = WorldStorage.m; path = data/WorldStorage.m; sourceTree = "<group>"; };
		EF081C951937252B00847E47 /* LevelStorage.h */ = {isa = PBXFileReference; fileEncoding = 4; lastKnownFileType = sourcecode.c.h; name = LevelStorage.h; path = data/LevelStorage.h; sourceTree = "<group>"; };
		EF081C961937252B00847E47 /* LevelStorage.m */ = {isa = PBXFileReference; fileEncoding = 4; lastKnownFileType = sourcecode.c.objc; name = LevelStorage.m; path = data/LevelStorage.m; sourceTree = "<group>"; };
		EF4CDD59194F31AC008B1CF2 /* libSoomlaiOSCore.a */ = {isa = PBXFileReference; lastKnownFileType = archive.ar; name = libSoomlaiOSCore.a; path = "../../../Library/Developer/Xcode/DerivedData/SoomlaiOSLevelUp-dftodavkzlghkiedetnqhlcslapb/Build/Products/Debug-iphoneos/libSoomlaiOSCore.a"; sourceTree = "<group>"; };
		EF73CCA81932420300A171E5 /* GateStorage.h */ = {isa = PBXFileReference; fileEncoding = 4; lastKnownFileType = sourcecode.c.h; name = GateStorage.h; path = data/GateStorage.h; sourceTree = "<group>"; };
		EF73CCA91932420300A171E5 /* GateStorage.m */ = {isa = PBXFileReference; fileEncoding = 4; lastKnownFileType = sourcecode.c.objc; name = GateStorage.m; path = data/GateStorage.m; sourceTree = "<group>"; };
		EF7BA12B1935C7E300FCF3C9 /* MissionStorage.h */ = {isa = PBXFileReference; fileEncoding = 4; lastKnownFileType = sourcecode.c.h; name = MissionStorage.h; path = data/MissionStorage.h; sourceTree = "<group>"; };
		EF7BA12C1935C7E300FCF3C9 /* MissionStorage.m */ = {isa = PBXFileReference; fileEncoding = 4; lastKnownFileType = sourcecode.c.objc; name = MissionStorage.m; path = data/MissionStorage.m; sourceTree = "<group>"; };
		EFCDC725192E1EB5001D0824 /* libSoomlaiOSLevelUp.a */ = {isa = PBXFileReference; explicitFileType = archive.ar; includeInIndex = 0; path = libSoomlaiOSLevelUp.a; sourceTree = BUILT_PRODUCTS_DIR; };
		EFCDC728192E1EB5001D0824 /* Foundation.framework */ = {isa = PBXFileReference; lastKnownFileType = wrapper.framework; name = Foundation.framework; path = System/Library/Frameworks/Foundation.framework; sourceTree = SDKROOT; };
		EFCDC72C192E1EB5001D0824 /* SoomlaiOSLevelUp-Prefix.pch */ = {isa = PBXFileReference; lastKnownFileType = sourcecode.c.h; path = "SoomlaiOSLevelUp-Prefix.pch"; sourceTree = "<group>"; };
		EFCDC736192E1EB6001D0824 /* XCTest.framework */ = {isa = PBXFileReference; lastKnownFileType = wrapper.framework; name = XCTest.framework; path = Library/Frameworks/XCTest.framework; sourceTree = DEVELOPER_DIR; };
		EFCDC75E192E2248001D0824 /* LUJSONConsts.h */ = {isa = PBXFileReference; fileEncoding = 4; lastKnownFileType = sourcecode.c.h; name = LUJSONConsts.h; path = data/LUJSONConsts.h; sourceTree = "<group>"; };
		EFCDC75F192E2248001D0824 /* LUJSONConsts.m */ = {isa = PBXFileReference; fileEncoding = 4; lastKnownFileType = sourcecode.c.objc; name = LUJSONConsts.m; path = data/LUJSONConsts.m; sourceTree = "<group>"; };
		EFFB7A3A192E3E8100BB8BB5 /* ScoreStorage.h */ = {isa = PBXFileReference; fileEncoding = 4; lastKnownFileType = sourcecode.c.h; name = ScoreStorage.h; path = data/ScoreStorage.h; sourceTree = "<group>"; };
		EFFB7A3B192E3E8100BB8BB5 /* ScoreStorage.m */ = {isa = PBXFileReference; fileEncoding = 4; lastKnownFileType = sourcecode.c.objc; name = ScoreStorage.m; path = data/ScoreStorage.m; sourceTree = "<group>"; };
		EFFB7A3E192E406900BB8BB5 /* LevelUp.h */ = {isa = PBXFileReference; fileEncoding = 4; lastKnownFileType = sourcecode.c.h; path = LevelUp.h; sourceTree = "<group>"; };
		EFFB7A491931EC5200BB8BB5 /* LevelUpEventHandling.h */ = {isa = PBXFileReference; fileEncoding = 4; lastKnownFileType = sourcecode.c.h; path = LevelUpEventHandling.h; sourceTree = "<group>"; };
		EFFB7A4A1931EC5200BB8BB5 /* LevelUpEventHandling.m */ = {isa = PBXFileReference; fileEncoding = 4; lastKnownFileType = sourcecode.c.objc; path = LevelUpEventHandling.m; sourceTree = "<group>"; };
		F80CD13D1A4C5E9D0051587C /* LevelUp.m */ = {isa = PBXFileReference; fileEncoding = 4; lastKnownFileType = sourcecode.c.objc; path = LevelUp.m; sourceTree = "<group>"; };
/* End PBXFileReference section */

/* Begin PBXFrameworksBuildPhase section */
		EFCDC722192E1EB5001D0824 /* Frameworks */ = {
			isa = PBXFrameworksBuildPhase;
			buildActionMask = 2147483647;
			files = (
				EFCDC729192E1EB5001D0824 /* Foundation.framework in Frameworks */,
			);
			runOnlyForDeploymentPostprocessing = 0;
		};
/* End PBXFrameworksBuildPhase section */

/* Begin PBXGroup section */
		C068F6931A27AE430056B0B4 /* Products */ = {
			isa = PBXGroup;
			children = (
				C068F6971A27AE430056B0B4 /* libSoomlaiOSCore.a */,
			);
			name = Products;
			sourceTree = "<group>";
		};
		EFCDC71C192E1EB5001D0824 = {
			isa = PBXGroup;
			children = (
				C068F6921A27AE430056B0B4 /* SoomlaiOSCore.xcodeproj */,
				EFCDC72A192E1EB5001D0824 /* SoomlaiOSLevelUp */,
				EFCDC727192E1EB5001D0824 /* Frameworks */,
				EFCDC726192E1EB5001D0824 /* Products */,
			);
			sourceTree = "<group>";
		};
		EFCDC726192E1EB5001D0824 /* Products */ = {
			isa = PBXGroup;
			children = (
				EFCDC725192E1EB5001D0824 /* libSoomlaiOSLevelUp.a */,
			);
			name = Products;
			sourceTree = "<group>";
		};
		EFCDC727192E1EB5001D0824 /* Frameworks */ = {
			isa = PBXGroup;
			children = (
				EF4CDD59194F31AC008B1CF2 /* libSoomlaiOSCore.a */,
				EFCDC728192E1EB5001D0824 /* Foundation.framework */,
				EFCDC736192E1EB6001D0824 /* XCTest.framework */,
			);
			name = Frameworks;
			sourceTree = "<group>";
		};
		EFCDC72A192E1EB5001D0824 /* SoomlaiOSLevelUp */ = {
			isa = PBXGroup;
			children = (
				EFCDC75D192E2210001D0824 /* data */,
				EFCDC72B192E1EB5001D0824 /* Supporting Files */,
				EFFB7A3E192E406900BB8BB5 /* LevelUp.h */,
				F80CD13D1A4C5E9D0051587C /* LevelUp.m */,
				EFFB7A491931EC5200BB8BB5 /* LevelUpEventHandling.h */,
				EFFB7A4A1931EC5200BB8BB5 /* LevelUpEventHandling.m */,
			);
			path = SoomlaiOSLevelUp;
			sourceTree = "<group>";
		};
		EFCDC72B192E1EB5001D0824 /* Supporting Files */ = {
			isa = PBXGroup;
			children = (
				EFCDC72C192E1EB5001D0824 /* SoomlaiOSLevelUp-Prefix.pch */,
			);
			name = "Supporting Files";
			sourceTree = "<group>";
		};
		EFCDC75D192E2210001D0824 /* data */ = {
			isa = PBXGroup;
			children = (
				EFCDC75E192E2248001D0824 /* LUJSONConsts.h */,
				EFCDC75F192E2248001D0824 /* LUJSONConsts.m */,
				EFFB7A3A192E3E8100BB8BB5 /* ScoreStorage.h */,
				EFFB7A3B192E3E8100BB8BB5 /* ScoreStorage.m */,
				EF73CCA81932420300A171E5 /* GateStorage.h */,
				EF73CCA91932420300A171E5 /* GateStorage.m */,
				EF7BA12B1935C7E300FCF3C9 /* MissionStorage.h */,
				EF7BA12C1935C7E300FCF3C9 /* MissionStorage.m */,
				EF081C8D193708CF00847E47 /* WorldStorage.h */,
				EF081C8E193708CF00847E47 /* WorldStorage.m */,
				EF081C951937252B00847E47 /* LevelStorage.h */,
				EF081C961937252B00847E47 /* LevelStorage.m */,
			);
			name = data;
			sourceTree = "<group>";
		};
/* End PBXGroup section */

/* Begin PBXHeadersBuildPhase section */
		EFE7A0E4196302330054B3E9 /* Headers */ = {
			isa = PBXHeadersBuildPhase;
			buildActionMask = 2147483647;
			files = (
				EFE7A0F61963026C0054B3E9 /* ScoreStorage.h in Headers */,
				EFE7A0F71963026C0054B3E9 /* GateStorage.h in Headers */,
				EFE7A0F91963026C0054B3E9 /* MissionStorage.h in Headers */,
				EFE7A0FA1963026C0054B3E9 /* WorldStorage.h in Headers */,
				EFE7A0FB1963026C0054B3E9 /* LevelStorage.h in Headers */,
				EFE7A0FF1963026C0054B3E9 /* LevelUp.h in Headers */,
				EFE7A1001963026C0054B3E9 /* LevelUpEventHandling.h in Headers */,
				EFE7A0F51963026C0054B3E9 /* LUJSONConsts.h in Headers */,
			);
			runOnlyForDeploymentPostprocessing = 0;
		};
/* End PBXHeadersBuildPhase section */

/* Begin PBXNativeTarget section */
		EFCDC724192E1EB5001D0824 /* SoomlaiOSLevelUp */ = {
			isa = PBXNativeTarget;
			buildConfigurationList = EFCDC748192E1EB6001D0824 /* Build configuration list for PBXNativeTarget "SoomlaiOSLevelUp" */;
			buildPhases = (
				EFCDC721192E1EB5001D0824 /* Sources */,
				EFCDC722192E1EB5001D0824 /* Frameworks */,
				EFE7A0E4196302330054B3E9 /* Headers */,
				EF081C9A1937687500847E47 /* ShellScript */,
			);
			buildRules = (
			);
			dependencies = (
			);
			name = SoomlaiOSLevelUp;
			productName = SoomlaiOSLevelUp;
			productReference = EFCDC725192E1EB5001D0824 /* libSoomlaiOSLevelUp.a */;
			productType = "com.apple.product-type.library.static";
		};
/* End PBXNativeTarget section */

/* Begin PBXProject section */
		EFCDC71D192E1EB5001D0824 /* Project object */ = {
			isa = PBXProject;
			attributes = {
				LastUpgradeCheck = 0510;
				ORGANIZATIONNAME = Soomla;
			};
			buildConfigurationList = EFCDC720192E1EB5001D0824 /* Build configuration list for PBXProject "SoomlaiOSLevelUp" */;
			compatibilityVersion = "Xcode 3.2";
			developmentRegion = English;
			hasScannedForEncodings = 0;
			knownRegions = (
				en,
			);
			mainGroup = EFCDC71C192E1EB5001D0824;
			productRefGroup = EFCDC726192E1EB5001D0824 /* Products */;
			projectDirPath = "";
			projectReferences = (
				{
					ProductGroup = C068F6931A27AE430056B0B4 /* Products */;
					ProjectRef = C068F6921A27AE430056B0B4 /* SoomlaiOSCore.xcodeproj */;
				},
			);
			projectRoot = "";
			targets = (
				EFCDC724192E1EB5001D0824 /* SoomlaiOSLevelUp */,
			);
		};
/* End PBXProject section */

/* Begin PBXReferenceProxy section */
		C068F6971A27AE430056B0B4 /* libSoomlaiOSCore.a */ = {
			isa = PBXReferenceProxy;
			fileType = archive.ar;
			path = libSoomlaiOSCore.a;
			remoteRef = C068F6961A27AE430056B0B4 /* PBXContainerItemProxy */;
			sourceTree = BUILT_PRODUCTS_DIR;
		};
/* End PBXReferenceProxy section */

/* Begin PBXShellScriptBuildPhase section */
		EF081C9A1937687500847E47 /* ShellScript */ = {
			isa = PBXShellScriptBuildPhase;
			buildActionMask = 2147483647;
			files = (
			);
			inputPaths = (
			);
			outputPaths = (
			);
			runOnlyForDeploymentPostprocessing = 0;
			shellPath = /bin/sh;
			shellScript = "##########################################\n#\n# c.f. http://stackoverflow.com/questions/3520977/build-fat-static-library-device-simulator-using-xcode-and-sdk-4\n#\n# Version 2.7\n#\n# Latest Change:\n# - Supports iPhone 5 / iPod Touch 5 (uses Apple's workaround to lipo bug)\n#\n# Purpose:\n#   Automatically create a Universal static library for iPhone + iPad + iPhone Simulator from within XCode\n#\n# Author: Adam Martin - http://twitter.com/redglassesapps\n# Based on: original script from Eonil (main changes: Eonil's script WILL NOT WORK in Xcode GUI - it WILL CRASH YOUR COMPUTER)\n#\n\nset -e\nset -o pipefail\n\n#################[ Tests: helps workaround any future bugs in Xcode ]########\n#\nDEBUG_THIS_SCRIPT=\"false\"\n\nif [ $DEBUG_THIS_SCRIPT = \"true\" ]\nthen\necho \"########### TESTS #############\"\necho \"Use the following variables when debugging this script; note that they may change on recursions\"\necho \"BUILD_DIR = $BUILD_DIR\"\necho \"BUILD_ROOT = $BUILD_ROOT\"\necho \"CONFIGURATION_BUILD_DIR = $CONFIGURATION_BUILD_DIR\"\necho \"BUILT_PRODUCTS_DIR = $BUILT_PRODUCTS_DIR\"\necho \"CONFIGURATION_TEMP_DIR = $CONFIGURATION_TEMP_DIR\"\necho \"TARGET_BUILD_DIR = $TARGET_BUILD_DIR\"\nfi\n\n#####################[ part 1 ]##################\n# First, work out the BASESDK version number (NB: Apple ought to report this, but they hide it)\n#    (incidental: searching for substrings in sh is a nightmare! Sob)\n\nSDK_VERSION=$(echo ${SDK_NAME} | grep -o '.\\{3\\}$')\n\n# Next, work out if we're in SIM or DEVICE\n\nif [ ${PLATFORM_NAME} = \"iphonesimulator\" ]\nthen\nOTHER_SDK_TO_BUILD=iphoneos${SDK_VERSION}\nelse\nOTHER_SDK_TO_BUILD=iphonesimulator${SDK_VERSION}\nfi\n\necho \"XCode has selected SDK: ${PLATFORM_NAME} with version: ${SDK_VERSION} (although back-targetting: ${IPHONEOS_DEPLOYMENT_TARGET})\"\necho \"...therefore, OTHER_SDK_TO_BUILD = ${OTHER_SDK_TO_BUILD}\"\n#\n#####################[ end of part 1 ]##################\n\n#####################[ part 2 ]##################\n#\n# IF this is the original invocation, invoke WHATEVER other builds are required\n#\n# Xcode is already building ONE target...\n#\n# ...but this is a LIBRARY, so Apple is wrong to set it to build just one.\n# ...we need to build ALL targets\n# ...we MUST NOT re-build the target that is ALREADY being built: Xcode WILL CRASH YOUR COMPUTER if you try this (infinite recursion!)\n#\n#\n# So: build ONLY the missing platforms/configurations.\n\nif [ \"true\" == ${ALREADYINVOKED:-false} ]\nthen\necho \"RECURSION: I am NOT the root invocation, so I'm NOT going to recurse\"\nelse\n# CRITICAL:\n# Prevent infinite recursion (Xcode sucks)\nexport ALREADYINVOKED=\"true\"\n\necho \"RECURSION: I am the root ... recursing all missing build targets NOW...\"\necho \"RECURSION: ...about to invoke: xcodebuild -configuration \\\"${CONFIGURATION}\\\" -project \\\"${PROJECT_NAME}.xcodeproj\\\" -target \\\"${TARGET_NAME}\\\" -sdk \\\"${OTHER_SDK_TO_BUILD}\\\" ${ACTION} RUN_CLANG_STATIC_ANALYZER=NO\" BUILD_DIR=\\\"${BUILD_DIR}\\\" BUILD_ROOT=\\\"${BUILD_ROOT}\\\" SYMROOT=\\\"${SYMROOT}\\\"\n\nxcodebuild -configuration \"${CONFIGURATION}\" -project \"${PROJECT_NAME}.xcodeproj\" -target \"${TARGET_NAME}\" -sdk \"${OTHER_SDK_TO_BUILD}\" ${ACTION} RUN_CLANG_STATIC_ANALYZER=NO BUILD_DIR=\"${BUILD_DIR}\" BUILD_ROOT=\"${BUILD_ROOT}\" SYMROOT=\"${SYMROOT}\"\n\nACTION=\"build\"\n\n#Merge all platform binaries as a fat binary for each configurations.\n\n# Calculate where the (multiple) built files are coming from:\nCURRENTCONFIG_DEVICE_DIR=${SYMROOT}/${CONFIGURATION}-iphoneos\nCURRENTCONFIG_SIMULATOR_DIR=${SYMROOT}/${CONFIGURATION}-iphonesimulator\n\necho \"Taking device build from: ${CURRENTCONFIG_DEVICE_DIR}\"\necho \"Taking simulator build from: ${CURRENTCONFIG_SIMULATOR_DIR}\"\n\nif [[ -z $CREATING_UNIVERSAL_DIR ]]\nthen\nCREATING_UNIVERSAL_DIR=${SYMROOT}/${CONFIGURATION}-universal\nfi\necho \"...I will output a universal build to: ${CREATING_UNIVERSAL_DIR}\"\n\n# ... remove the products of previous runs of this script\n#      NB: this directory is ONLY created by this script - it should be safe to delete!\n\n#rm -rf \"${CREATING_UNIVERSAL_DIR}\"\nmkdir -p \"${CREATING_UNIVERSAL_DIR}\"\n\n#\necho \"lipo: for current configuration (${CONFIGURATION}) creating output file: ${CREATING_UNIVERSAL_DIR}/${EXECUTABLE_NAME}\"\nxcrun -sdk iphoneos lipo -create -output \"${CREATING_UNIVERSAL_DIR}/${EXECUTABLE_NAME}\" \"${CURRENTCONFIG_DEVICE_DIR}/${EXECUTABLE_NAME}\" \"${CURRENTCONFIG_SIMULATOR_DIR}/${EXECUTABLE_NAME}\"\n\n#########\n#\n# Added: StackOverflow suggestion to also copy \"include\" files\n#    (untested, but should work OK)\n#\necho \"Fetching headers from ${PUBLIC_HEADERS_FOLDER_PATH}\"\necho \"  (if you embed your library project in another project, you will need to add\"\necho \"   a \"User Search Headers\" build setting of: (NB INCLUDE THE DOUBLE QUOTES BELOW!)\"\necho '        \"$(TARGET_BUILD_DIR)/usr/local/include/\"'\nif [ -d \"${CURRENTCONFIG_DEVICE_DIR}${PUBLIC_HEADERS_FOLDER_PATH}\" ]\nthen\nmkdir -p \"${CREATING_UNIVERSAL_DIR}/headers/${PROJECT_NAME}\"\n# * needs to be outside the double quotes?\ncp -r \"${CURRENTCONFIG_DEVICE_DIR}${PUBLIC_HEADERS_FOLDER_PATH}/\"* \"${CREATING_UNIVERSAL_DIR}/headers/${PROJECT_NAME}\"\nfi\nfi\n";
		};
/* End PBXShellScriptBuildPhase section */

/* Begin PBXSourcesBuildPhase section */
		EFCDC721192E1EB5001D0824 /* Sources */ = {
			isa = PBXSourcesBuildPhase;
			buildActionMask = 2147483647;
			files = (
				EFCDC760192E2248001D0824 /* LUJSONConsts.m in Sources */,
				F80CD13E1A4C5E9D0051587C /* LevelUp.m in Sources */,
				EF73CCAA1932420300A171E5 /* GateStorage.m in Sources */,
				EF7BA12D1935C7E300FCF3C9 /* MissionStorage.m in Sources */,
				EFFB7A3C192E3E8100BB8BB5 /* ScoreStorage.m in Sources */,
				EF081C8F193708CF00847E47 /* WorldStorage.m in Sources */,
				EF081C971937252B00847E47 /* LevelStorage.m in Sources */,
				EFFB7A4B1931EC5200BB8BB5 /* LevelUpEventHandling.m in Sources */,
			);
			runOnlyForDeploymentPostprocessing = 0;
		};
/* End PBXSourcesBuildPhase section */

/* Begin XCBuildConfiguration section */
		EFCDC746192E1EB6001D0824 /* Debug */ = {
			isa = XCBuildConfiguration;
			buildSettings = {
				ALWAYS_SEARCH_USER_PATHS = NO;
				CLANG_CXX_LANGUAGE_STANDARD = "gnu++0x";
				CLANG_CXX_LIBRARY = "libc++";
				CLANG_ENABLE_MODULES = YES;
				CLANG_ENABLE_OBJC_ARC = YES;
				CLANG_WARN_BOOL_CONVERSION = YES;
				CLANG_WARN_CONSTANT_CONVERSION = YES;
				CLANG_WARN_DIRECT_OBJC_ISA_USAGE = YES_ERROR;
				CLANG_WARN_EMPTY_BODY = YES;
				CLANG_WARN_ENUM_CONVERSION = YES;
				CLANG_WARN_INT_CONVERSION = YES;
				CLANG_WARN_OBJC_ROOT_CLASS = YES_ERROR;
				CLANG_WARN__DUPLICATE_METHOD_MATCH = YES;
				COPY_PHASE_STRIP = NO;
				GCC_C_LANGUAGE_STANDARD = gnu99;
				GCC_DYNAMIC_NO_PIC = NO;
				GCC_OPTIMIZATION_LEVEL = 0;
				GCC_PREPROCESSOR_DEFINITIONS = (
					"DEBUG=1",
					"$(inherited)",
				);
				GCC_SYMBOLS_PRIVATE_EXTERN = NO;
				GCC_WARN_64_TO_32_BIT_CONVERSION = YES;
				GCC_WARN_ABOUT_RETURN_TYPE = YES_ERROR;
				GCC_WARN_UNDECLARED_SELECTOR = YES;
				GCC_WARN_UNINITIALIZED_AUTOS = YES_AGGRESSIVE;
				GCC_WARN_UNUSED_FUNCTION = YES;
				GCC_WARN_UNUSED_VARIABLE = YES;
				HEADER_SEARCH_PATHS = (
					"$(inherited)",
					/Applications/Xcode.app/Contents/Developer/Toolchains/XcodeDefault.xctoolchain/usr/include,
				);
				IPHONEOS_DEPLOYMENT_TARGET = 7.1;
				ONLY_ACTIVE_ARCH = YES;
				SDKROOT = iphoneos;
			};
			name = Debug;
		};
		EFCDC747192E1EB6001D0824 /* Release */ = {
			isa = XCBuildConfiguration;
			buildSettings = {
				ALWAYS_SEARCH_USER_PATHS = NO;
				CLANG_CXX_LANGUAGE_STANDARD = "gnu++0x";
				CLANG_CXX_LIBRARY = "libc++";
				CLANG_ENABLE_MODULES = YES;
				CLANG_ENABLE_OBJC_ARC = YES;
				CLANG_WARN_BOOL_CONVERSION = YES;
				CLANG_WARN_CONSTANT_CONVERSION = YES;
				CLANG_WARN_DIRECT_OBJC_ISA_USAGE = YES_ERROR;
				CLANG_WARN_EMPTY_BODY = YES;
				CLANG_WARN_ENUM_CONVERSION = YES;
				CLANG_WARN_INT_CONVERSION = YES;
				CLANG_WARN_OBJC_ROOT_CLASS = YES_ERROR;
				CLANG_WARN__DUPLICATE_METHOD_MATCH = YES;
				COPY_PHASE_STRIP = YES;
				ENABLE_NS_ASSERTIONS = NO;
				GCC_C_LANGUAGE_STANDARD = gnu99;
				GCC_WARN_64_TO_32_BIT_CONVERSION = YES;
				GCC_WARN_ABOUT_RETURN_TYPE = YES_ERROR;
				GCC_WARN_UNDECLARED_SELECTOR = YES;
				GCC_WARN_UNINITIALIZED_AUTOS = YES_AGGRESSIVE;
				GCC_WARN_UNUSED_FUNCTION = YES;
				GCC_WARN_UNUSED_VARIABLE = YES;
				HEADER_SEARCH_PATHS = (
					"$(inherited)",
					/Applications/Xcode.app/Contents/Developer/Toolchains/XcodeDefault.xctoolchain/usr/include,
				);
				IPHONEOS_DEPLOYMENT_TARGET = 7.1;
				SDKROOT = iphoneos;
				VALIDATE_PRODUCT = YES;
			};
			name = Release;
		};
		EFCDC749192E1EB6001D0824 /* Debug */ = {
			isa = XCBuildConfiguration;
			buildSettings = {
				DSTROOT = /tmp/SoomlaiOSLevelUp.dst;
				GCC_PRECOMPILE_PREFIX_HEADER = YES;
				GCC_PREFIX_HEADER = "SoomlaiOSLevelUp/SoomlaiOSLevelUp-Prefix.pch";
				HEADER_SEARCH_PATHS = (
					"$(inherited)",
					/Applications/Xcode.app/Contents/Developer/Toolchains/XcodeDefault.xctoolchain/usr/include,
					"$(SRCROOT)/submodules/soomla-ios-core/SoomlaiOSCore/**",
				);
				LIBRARY_SEARCH_PATHS = (
					"$(inherited)",
					"$(USER_LIBRARY_DIR)/Developer/Xcode/DerivedData/SoomlaiOSLevelUp-dftodavkzlghkiedetnqhlcslapb/Build/Products/Debug-iphoneos",
				);
				OTHER_LDFLAGS = "";
				PRODUCT_NAME = SoomlaiOSLevelUp;
				PUBLIC_HEADERS_FOLDER_PATH = /headers/public;
				SKIP_INSTALL = YES;
				SOOMLA_HOME = "${SRCROOT}/../..";
				SYMROOT = out;
			};
			name = Debug;
		};
		EFCDC74A192E1EB6001D0824 /* Release */ = {
			isa = XCBuildConfiguration;
			buildSettings = {
				DSTROOT = /tmp/SoomlaiOSLevelUp.dst;
				GCC_PRECOMPILE_PREFIX_HEADER = YES;
				GCC_PREFIX_HEADER = "SoomlaiOSLevelUp/SoomlaiOSLevelUp-Prefix.pch";
				HEADER_SEARCH_PATHS = (
					"$(inherited)",
					/Applications/Xcode.app/Contents/Developer/Toolchains/XcodeDefault.xctoolchain/usr/include,
					"$(SRCROOT)/submodules/soomla-ios-core/SoomlaiOSCore/**",
				);
				LIBRARY_SEARCH_PATHS = (
					"$(inherited)",
					"$(USER_LIBRARY_DIR)/Developer/Xcode/DerivedData/SoomlaiOSLevelUp-dftodavkzlghkiedetnqhlcslapb/Build/Products/Debug-iphoneos",
				);
				OTHER_LDFLAGS = "";
				PRODUCT_NAME = SoomlaiOSLevelUp;
				PUBLIC_HEADERS_FOLDER_PATH = /headers/public;
				SKIP_INSTALL = YES;
				SOOMLA_HOME = "${SRCROOT}/../..";
				SYMROOT = out;
			};
			name = Release;
		};
/* End XCBuildConfiguration section */

/* Begin XCConfigurationList section */
		EFCDC720192E1EB5001D0824 /* Build configuration list for PBXProject "SoomlaiOSLevelUp" */ = {
			isa = XCConfigurationList;
			buildConfigurations = (
				EFCDC746192E1EB6001D0824 /* Debug */,
				EFCDC747192E1EB6001D0824 /* Release */,
			);
			defaultConfigurationIsVisible = 0;
			defaultConfigurationName = Release;
		};
		EFCDC748192E1EB6001D0824 /* Build configuration list for PBXNativeTarget "SoomlaiOSLevelUp" */ = {
			isa = XCConfigurationList;
			buildConfigurations = (
				EFCDC749192E1EB6001D0824 /* Debug */,
				EFCDC74A192E1EB6001D0824 /* Release */,
			);
			defaultConfigurationIsVisible = 0;
			defaultConfigurationName = Release;
		};
/* End XCConfigurationList section */
	};
	rootObject = EFCDC71D192E1EB5001D0824 /* Project object */;
}
